
Microsoft Visual Studio Solution File, Format Version 12.00
# Visual Studio Version 16
VisualStudioVersion = 16.0.32228.343
MinimumVisualStudioVersion = 10.0.40219.1
Project("{FAE04EC0-301F-11D3-BF4B-00C04F79EFBC}") = "Game", "Game\Game.csproj", "{60065593-9885-4DFD-B66B-46C83F12356A}"
EndProject
Project("{FAE04EC0-301F-11D3-BF4B-00C04F79EFBC}") = "Model", "Model\Model.csproj", "{B1C8499B-A482-4EAA-95C8-85382BD66B5D}"
EndProject
Global
	GlobalSection(SolutionConfigurationPlatforms) = preSolution
		Debug|Any CPU = Debug|Any CPU
		Release|Any CPU = Release|Any CPU
	EndGlobalSection
	GlobalSection(ProjectConfigurationPlatforms) = postSolution
		{60065593-9885-4DFD-B66B-46C83F12356A}.Debug|Any CPU.ActiveCfg = Debug|Any CPU
		{60065593-9885-4DFD-B66B-46C83F12356A}.Debug|Any CPU.Build.0 = Debug|Any CPU
		{60065593-9885-4DFD-B66B-46C83F12356A}.Release|Any CPU.ActiveCfg = Release|Any CPU
		{60065593-9885-4DFD-B66B-46C83F12356A}.Release|Any CPU.Build.0 = Release|Any CPU
		{B1C8499B-A482-4EAA-95C8-85382BD66B5D}.Debug|Any CPU.ActiveCfg = Debug|Any CPU
		{B1C8499B-A482-4EAA-95C8-85382BD66B5D}.Debug|Any CPU.Build.0 = Debug|Any CPU
		{B1C8499B-A482-4EAA-95C8-85382BD66B5D}.Release|Any CPU.ActiveCfg = Release|Any CPU
		{B1C8499B-A482-4EAA-95C8-85382BD66B5D}.Release|Any CPU.Build.0 = Release|Any CPU
	EndGlobalSection
	GlobalSection(SolutionProperties) = preSolution
		HideSolutionNode = FALSE
	EndGlobalSection
	GlobalSection(ExtensibilityGlobals) = postSolution
		SolutionGuid = {666409E5-83AC-471B-AC36-9BACF27EEF96}
	EndGlobalSection
EndGlobal
